
Microsoft Visual Studio Solution File, Format Version 12.00
# Visual Studio Version 16
VisualStudioVersion = 16.0.29613.14
MinimumVisualStudioVersion = 10.0.40219.1
Project("{FAE04EC0-301F-11D3-BF4B-00C04F79EFBC}") = "Yathzee by Damian", "Yahtzeemk2\Yathzee by Damian.csproj", "{2584EF22-2176-4C73-A1F3-FE15B594887E}"
EndProject
Global
	GlobalSection(SolutionConfigurationPlatforms) = preSolution
		Debug|Any CPU = Debug|Any CPU
		Release|Any CPU = Release|Any CPU
	EndGlobalSection
	GlobalSection(ProjectConfigurationPlatforms) = postSolution
		{2584EF22-2176-4C73-A1F3-FE15B594887E}.Debug|Any CPU.ActiveCfg = Debug|Any CPU
		{2584EF22-2176-4C73-A1F3-FE15B594887E}.Debug|Any CPU.Build.0 = Debug|Any CPU
		{2584EF22-2176-4C73-A1F3-FE15B594887E}.Release|Any CPU.ActiveCfg = Release|Any CPU
		{2584EF22-2176-4C73-A1F3-FE15B594887E}.Release|Any CPU.Build.0 = Release|Any CPU
	EndGlobalSection
	GlobalSection(SolutionProperties) = preSolution
		HideSolutionNode = FALSE
	EndGlobalSection
	GlobalSection(ExtensibilityGlobals) = postSolution
		SolutionGuid = {78C5BC95-CF43-4C62-AE5C-75AC673C8ACE}
	EndGlobalSection
EndGlobal
