
Microsoft Visual Studio Solution File, Format Version 12.00
# Visual Studio Version 16
VisualStudioVersion = 16.0.29503.13
MinimumVisualStudioVersion = 10.0.40219.1
Project("{FAE04EC0-301F-11D3-BF4B-00C04F79EFBC}") = "Opdracht4", "Opdracht4\Opdracht4.csproj", "{C4D7ACB5-54CA-40DC-8132-E55805E0AF8C}"
EndProject
Global
	GlobalSection(SolutionConfigurationPlatforms) = preSolution
		Debug|Any CPU = Debug|Any CPU
		Release|Any CPU = Release|Any CPU
	EndGlobalSection
	GlobalSection(ProjectConfigurationPlatforms) = postSolution
		{C4D7ACB5-54CA-40DC-8132-E55805E0AF8C}.Debug|Any CPU.ActiveCfg = Debug|Any CPU
		{C4D7ACB5-54CA-40DC-8132-E55805E0AF8C}.Debug|Any CPU.Build.0 = Debug|Any CPU
		{C4D7ACB5-54CA-40DC-8132-E55805E0AF8C}.Release|Any CPU.ActiveCfg = Release|Any CPU
		{C4D7ACB5-54CA-40DC-8132-E55805E0AF8C}.Release|Any CPU.Build.0 = Release|Any CPU
	EndGlobalSection
	GlobalSection(SolutionProperties) = preSolution
		HideSolutionNode = FALSE
	EndGlobalSection
	GlobalSection(ExtensibilityGlobals) = postSolution
		SolutionGuid = {7E5782BB-AD98-4FF2-8DD6-BED229593FC3}
	EndGlobalSection
EndGlobal
